
Microsoft Visual Studio Solution File, Format Version 12.00
# Visual Studio 15
VisualStudioVersion = 15.0.26228.4
MinimumVisualStudioVersion = 10.0.40219.1
Project("{FAE04EC0-301F-11D3-BF4B-00C04F79EFBC}") = "Auphonic", "Auphonic\Auphonic.csproj", "{A8C2479C-CC48-4ECA-9C84-E372F405E901}"
EndProject
Project("{FAE04EC0-301F-11D3-BF4B-00C04F79EFBC}") = "Auphonic.Tests", "Auphonic.Tests\Auphonic.Tests.csproj", "{1931F4B4-80A3-4F59-BAD0-BC03C77E9881}"
EndProject
Project("{7CF6DF6D-3B04-46F8-A40B-537D21BCA0B4}") = "Docs", "Docs\Docs.shfbproj", "{E9CDD092-54A6-4016-AD55-6BA8FAC711E1}"
	ProjectSection(ProjectDependencies) = postProject
		{A8C2479C-CC48-4ECA-9C84-E372F405E901} = {A8C2479C-CC48-4ECA-9C84-E372F405E901}
	EndProjectSection
EndProject
Global
	GlobalSection(SolutionConfigurationPlatforms) = preSolution
		Debug|Any CPU = Debug|Any CPU
		Release|Any CPU = Release|Any CPU
	EndGlobalSection
	GlobalSection(ProjectConfigurationPlatforms) = postSolution
		{A8C2479C-CC48-4ECA-9C84-E372F405E901}.Debug|Any CPU.ActiveCfg = Debug|Any CPU
		{A8C2479C-CC48-4ECA-9C84-E372F405E901}.Debug|Any CPU.Build.0 = Debug|Any CPU
		{A8C2479C-CC48-4ECA-9C84-E372F405E901}.Release|Any CPU.ActiveCfg = Release|Any CPU
		{A8C2479C-CC48-4ECA-9C84-E372F405E901}.Release|Any CPU.Build.0 = Release|Any CPU
		{1931F4B4-80A3-4F59-BAD0-BC03C77E9881}.Debug|Any CPU.ActiveCfg = Debug|Any CPU
		{1931F4B4-80A3-4F59-BAD0-BC03C77E9881}.Debug|Any CPU.Build.0 = Debug|Any CPU
		{1931F4B4-80A3-4F59-BAD0-BC03C77E9881}.Release|Any CPU.ActiveCfg = Release|Any CPU
		{1931F4B4-80A3-4F59-BAD0-BC03C77E9881}.Release|Any CPU.Build.0 = Release|Any CPU
		{E9CDD092-54A6-4016-AD55-6BA8FAC711E1}.Debug|Any CPU.ActiveCfg = Debug|Any CPU
		{E9CDD092-54A6-4016-AD55-6BA8FAC711E1}.Debug|Any CPU.Build.0 = Debug|Any CPU
		{E9CDD092-54A6-4016-AD55-6BA8FAC711E1}.Release|Any CPU.ActiveCfg = Release|Any CPU
		{E9CDD092-54A6-4016-AD55-6BA8FAC711E1}.Release|Any CPU.Build.0 = Release|Any CPU
	EndGlobalSection
	GlobalSection(SolutionProperties) = preSolution
		HideSolutionNode = FALSE
	EndGlobalSection
EndGlobal
